
Microsoft Visual Studio Solution File, Format Version 12.00
# Visual Studio Version 16
VisualStudioVersion = 16.0.29009.5
MinimumVisualStudioVersion = 15.0.26124.0
Project("{2150E333-8FDC-42A3-9474-1A3956D46DE8}") = "src", "src", "{9F511F81-8F99-4CDF-93AA-4555F7DF0A6E}"
EndProject
Project("{9A19103F-16F7-4668-BE54-9A1E7A4F7556}") = "MBW.Tools.CsProjFormatter", "src\MBW.Tools.CsProjFormatter\MBW.Tools.CsProjFormatter.csproj", "{ED50A6C7-3E87-4356-8D08-A99EA8B3D67A}"
EndProject
Project("{9A19103F-16F7-4668-BE54-9A1E7A4F7556}") = "MBW.Tools.CsProjFormatter.Library", "src\MBW.Tools.CsProjFormatter.Library\MBW.Tools.CsProjFormatter.Library.csproj", "{5E9FB439-CDA6-48D2-B1C3-F4E8683424BE}"
EndProject
Project("{9A19103F-16F7-4668-BE54-9A1E7A4F7556}") = "MBW.Tools.CsProjFormatter.Configuration.EditorConfig", "src\MBW.Tools.CsProjFormatter.Configuration.EditorConfig\MBW.Tools.CsProjFormatter.Configuration.EditorConfig.csproj", "{C515946E-E0E0-49D0-B52A-60CB5FED3A5A}"
EndProject
Global
	GlobalSection(SolutionConfigurationPlatforms) = preSolution
		Debug|Any CPU = Debug|Any CPU
		Debug|x64 = Debug|x64
		Debug|x86 = Debug|x86
		Release|Any CPU = Release|Any CPU
		Release|x64 = Release|x64
		Release|x86 = Release|x86
	EndGlobalSection
	GlobalSection(ProjectConfigurationPlatforms) = postSolution
		{ED50A6C7-3E87-4356-8D08-A99EA8B3D67A}.Debug|Any CPU.ActiveCfg = Debug|Any CPU
		{ED50A6C7-3E87-4356-8D08-A99EA8B3D67A}.Debug|Any CPU.Build.0 = Debug|Any CPU
		{ED50A6C7-3E87-4356-8D08-A99EA8B3D67A}.Debug|x64.ActiveCfg = Debug|Any CPU
		{ED50A6C7-3E87-4356-8D08-A99EA8B3D67A}.Debug|x64.Build.0 = Debug|Any CPU
		{ED50A6C7-3E87-4356-8D08-A99EA8B3D67A}.Debug|x86.ActiveCfg = Debug|Any CPU
		{ED50A6C7-3E87-4356-8D08-A99EA8B3D67A}.Debug|x86.Build.0 = Debug|Any CPU
		{ED50A6C7-3E87-4356-8D08-A99EA8B3D67A}.Release|Any CPU.ActiveCfg = Release|Any CPU
		{ED50A6C7-3E87-4356-8D08-A99EA8B3D67A}.Release|Any CPU.Build.0 = Release|Any CPU
		{ED50A6C7-3E87-4356-8D08-A99EA8B3D67A}.Release|x64.ActiveCfg = Release|Any CPU
		{ED50A6C7-3E87-4356-8D08-A99EA8B3D67A}.Release|x64.Build.0 = Release|Any CPU
		{ED50A6C7-3E87-4356-8D08-A99EA8B3D67A}.Release|x86.ActiveCfg = Release|Any CPU
		{ED50A6C7-3E87-4356-8D08-A99EA8B3D67A}.Release|x86.Build.0 = Release|Any CPU
		{5E9FB439-CDA6-48D2-B1C3-F4E8683424BE}.Debug|Any CPU.ActiveCfg = Debug|Any CPU
		{5E9FB439-CDA6-48D2-B1C3-F4E8683424BE}.Debug|Any CPU.Build.0 = Debug|Any CPU
		{5E9FB439-CDA6-48D2-B1C3-F4E8683424BE}.Debug|x64.ActiveCfg = Debug|Any CPU
		{5E9FB439-CDA6-48D2-B1C3-F4E8683424BE}.Debug|x64.Build.0 = Debug|Any CPU
		{5E9FB439-CDA6-48D2-B1C3-F4E8683424BE}.Debug|x86.ActiveCfg = Debug|Any CPU
		{5E9FB439-CDA6-48D2-B1C3-F4E8683424BE}.Debug|x86.Build.0 = Debug|Any CPU
		{5E9FB439-CDA6-48D2-B1C3-F4E8683424BE}.Release|Any CPU.ActiveCfg = Release|Any CPU
		{5E9FB439-CDA6-48D2-B1C3-F4E8683424BE}.Release|Any CPU.Build.0 = Release|Any CPU
		{5E9FB439-CDA6-48D2-B1C3-F4E8683424BE}.Release|x64.ActiveCfg = Release|Any CPU
		{5E9FB439-CDA6-48D2-B1C3-F4E8683424BE}.Release|x64.Build.0 = Release|Any CPU
		{5E9FB439-CDA6-48D2-B1C3-F4E8683424BE}.Release|x86.ActiveCfg = Release|Any CPU
		{5E9FB439-CDA6-48D2-B1C3-F4E8683424BE}.Release|x86.Build.0 = Release|Any CPU
		{C515946E-E0E0-49D0-B52A-60CB5FED3A5A}.Debug|Any CPU.ActiveCfg = Debug|Any CPU
		{C515946E-E0E0-49D0-B52A-60CB5FED3A5A}.Debug|Any CPU.Build.0 = Debug|Any CPU
		{C515946E-E0E0-49D0-B52A-60CB5FED3A5A}.Debug|x64.ActiveCfg = Debug|Any CPU
		{C515946E-E0E0-49D0-B52A-60CB5FED3A5A}.Debug|x64.Build.0 = Debug|Any CPU
		{C515946E-E0E0-49D0-B52A-60CB5FED3A5A}.Debug|x86.ActiveCfg = Debug|Any CPU
		{C515946E-E0E0-49D0-B52A-60CB5FED3A5A}.Debug|x86.Build.0 = Debug|Any CPU
		{C515946E-E0E0-49D0-B52A-60CB5FED3A5A}.Release|Any CPU.ActiveCfg = Release|Any CPU
		{C515946E-E0E0-49D0-B52A-60CB5FED3A5A}.Release|Any CPU.Build.0 = Release|Any CPU
		{C515946E-E0E0-49D0-B52A-60CB5FED3A5A}.Release|x64.ActiveCfg = Release|Any CPU
		{C515946E-E0E0-49D0-B52A-60CB5FED3A5A}.Release|x64.Build.0 = Release|Any CPU
		{C515946E-E0E0-49D0-B52A-60CB5FED3A5A}.Release|x86.ActiveCfg = Release|Any CPU
		{C515946E-E0E0-49D0-B52A-60CB5FED3A5A}.Release|x86.Build.0 = Release|Any CPU
	EndGlobalSection
	GlobalSection(SolutionProperties) = preSolution
		HideSolutionNode = FALSE
	EndGlobalSection
	GlobalSection(NestedProjects) = preSolution
		{ED50A6C7-3E87-4356-8D08-A99EA8B3D67A} = {9F511F81-8F99-4CDF-93AA-4555F7DF0A6E}
		{5E9FB439-CDA6-48D2-B1C3-F4E8683424BE} = {9F511F81-8F99-4CDF-93AA-4555F7DF0A6E}
		{C515946E-E0E0-49D0-B52A-60CB5FED3A5A} = {9F511F81-8F99-4CDF-93AA-4555F7DF0A6E}
	EndGlobalSection
	GlobalSection(ExtensibilityGlobals) = postSolution
		SolutionGuid = {11A7E58C-74A7-4198-B64E-F0DA60AAE3C0}
	EndGlobalSection
EndGlobal
